// !$*UTF8*$!
{
	archiveVersion = 1;
	classes = {
	};
	objectVersion = 56;
	objects = {

/* Begin PBXBuildFile section */
		42015A442A739FA400F57517 /* plus_avg_length_learner.cpp in Sources */ = {isa = PBXBuildFile; fileRef = 42015A422A739FA400F57517 /* plus_avg_length_learner.cpp */; };
		42134FC42A0A7B0300B9827B /* main.cpp in Sources */ = {isa = PBXBuildFile; fileRef = 42134FC32A0A7B0300B9827B /* main.cpp */; };
		42CB0BD32A67E27D0008BC70 /* pdfa.cpp in Sources */ = {isa = PBXBuildFile; fileRef = 42CB0BD12A67E27D0008BC70 /* pdfa.cpp */; };
		42CB0BD62A6802710008BC70 /* pdfa_learner.cpp in Sources */ = {isa = PBXBuildFile; fileRef = 42CB0BD42A6802710008BC70 /* pdfa_learner.cpp */; };
		42CB0BE12A692AAB0008BC70 /* PDFA_Graph.cpp in Sources */ = {isa = PBXBuildFile; fileRef = 42CB0BDE2A692AAB0008BC70 /* PDFA_Graph.cpp */; };
		42CB0BE22A692AAB0008BC70 /* avg_length_learner.cpp in Sources */ = {isa = PBXBuildFile; fileRef = 42CB0BDF2A692AAB0008BC70 /* avg_length_learner.cpp */; };
		42CB0BE72A692CFF0008BC70 /* tester.cpp in Sources */ = {isa = PBXBuildFile; fileRef = 42CB0BE52A692CFF0008BC70 /* tester.cpp */; };
		42CB0BEB2A6930BB0008BC70 /* utils.cpp in Sources */ = {isa = PBXBuildFile; fileRef = 42CB0BE92A6930BB0008BC70 /* utils.cpp */; };
/* End PBXBuildFile section */

/* Begin PBXCopyFilesBuildPhase section */
		42134FBE2A0A7B0300B9827B /* CopyFiles */ = {
			isa = PBXCopyFilesBuildPhase;
			buildActionMask = 2147483647;
			dstPath = /usr/share/man/man1/;
			dstSubfolderSpec = 0;
			files = (
			);
			runOnlyForDeploymentPostprocessing = 1;
		};
/* End PBXCopyFilesBuildPhase section */

/* Begin PBXFileReference section */
		42015A422A739FA400F57517 /* plus_avg_length_learner.cpp */ = {isa = PBXFileReference; lastKnownFileType = sourcecode.cpp.cpp; path = plus_avg_length_learner.cpp; sourceTree = "<group>"; };
		42015A432A739FA400F57517 /* plus_avg_length_learner.hpp */ = {isa = PBXFileReference; lastKnownFileType = sourcecode.cpp.h; path = plus_avg_length_learner.hpp; sourceTree = "<group>"; };
		42134FC02A0A7B0300B9827B /* PDFA_Generator */ = {isa = PBXFileReference; explicitFileType = "compiled.mach-o.executable"; includeInIndex = 0; path = PDFA_Generator; sourceTree = BUILT_PRODUCTS_DIR; };
		42134FC32A0A7B0300B9827B /* main.cpp */ = {isa = PBXFileReference; lastKnownFileType = sourcecode.cpp.cpp; path = main.cpp; sourceTree = "<group>"; };
		42134FCA2A0BC4B100B9827B /* pdfa1.in */ = {isa = PBXFileReference; lastKnownFileType = text; path = pdfa1.in; sourceTree = "<group>"; };
		42134FCB2A0BC87900B9827B /* pdfa1.out */ = {isa = PBXFileReference; lastKnownFileType = text; path = pdfa1.out; sourceTree = "<group>"; };
		42134FCC2A0BCBFB00B9827B /* strings1.out */ = {isa = PBXFileReference; lastKnownFileType = text; path = strings1.out; sourceTree = "<group>"; };
		42CB0BD12A67E27D0008BC70 /* pdfa.cpp */ = {isa = PBXFileReference; lastKnownFileType = sourcecode.cpp.cpp; path = pdfa.cpp; sourceTree = "<group>"; };
		42CB0BD22A67E27D0008BC70 /* pdfa.hpp */ = {isa = PBXFileReference; lastKnownFileType = sourcecode.cpp.h; path = pdfa.hpp; sourceTree = "<group>"; };
		42CB0BD42A6802710008BC70 /* pdfa_learner.cpp */ = {isa = PBXFileReference; lastKnownFileType = sourcecode.cpp.cpp; path = pdfa_learner.cpp; sourceTree = "<group>"; };
		42CB0BD52A6802710008BC70 /* pdfa_learner.hpp */ = {isa = PBXFileReference; lastKnownFileType = sourcecode.cpp.h; path = pdfa_learner.hpp; sourceTree = "<group>"; };
		42CB0BDD2A692AAB0008BC70 /* avg_length_learner.hpp */ = {isa = PBXFileReference; fileEncoding = 4; lastKnownFileType = sourcecode.cpp.h; path = avg_length_learner.hpp; sourceTree = "<group>"; };
		42CB0BDE2A692AAB0008BC70 /* PDFA_Graph.cpp */ = {isa = PBXFileReference; fileEncoding = 4; lastKnownFileType = sourcecode.cpp.cpp; path = PDFA_Graph.cpp; sourceTree = "<group>"; };
		42CB0BDF2A692AAB0008BC70 /* avg_length_learner.cpp */ = {isa = PBXFileReference; fileEncoding = 4; lastKnownFileType = sourcecode.cpp.cpp; path = avg_length_learner.cpp; sourceTree = "<group>"; };
		42CB0BE02A692AAB0008BC70 /* PDFA_Graph.hpp */ = {isa = PBXFileReference; fileEncoding = 4; lastKnownFileType = sourcecode.cpp.h; path = PDFA_Graph.hpp; sourceTree = "<group>"; };
		42CB0BE52A692CFF0008BC70 /* tester.cpp */ = {isa = PBXFileReference; lastKnownFileType = sourcecode.cpp.cpp; path = tester.cpp; sourceTree = "<group>"; };
		42CB0BE62A692CFF0008BC70 /* tester.hpp */ = {isa = PBXFileReference; lastKnownFileType = sourcecode.cpp.h; path = tester.hpp; sourceTree = "<group>"; };
		42CB0BE92A6930BB0008BC70 /* utils.cpp */ = {isa = PBXFileReference; lastKnownFileType = sourcecode.cpp.cpp; path = utils.cpp; sourceTree = "<group>"; };
		42CB0BEA2A6930BB0008BC70 /* utils.hpp */ = {isa = PBXFileReference; lastKnownFileType = sourcecode.cpp.h; path = utils.hpp; sourceTree = "<group>"; };
/* End PBXFileReference section */

/* Begin PBXFrameworksBuildPhase section */
		42134FBD2A0A7B0300B9827B /* Frameworks */ = {
			isa = PBXFrameworksBuildPhase;
			buildActionMask = 2147483647;
			files = (
			);
			runOnlyForDeploymentPostprocessing = 0;
		};
/* End PBXFrameworksBuildPhase section */

/* Begin PBXGroup section */
		42134FB72A0A7B0300B9827B = {
			isa = PBXGroup;
			children = (
				42134FCC2A0BCBFB00B9827B /* strings1.out */,
				42134FCA2A0BC4B100B9827B /* pdfa1.in */,
				42134FCB2A0BC87900B9827B /* pdfa1.out */,
				42134FC22A0A7B0300B9827B /* PDFA_Generator */,
				42134FC12A0A7B0300B9827B /* Products */,
			);
			sourceTree = "<group>";
		};
		42134FC12A0A7B0300B9827B /* Products */ = {
			isa = PBXGroup;
			children = (
				42134FC02A0A7B0300B9827B /* PDFA_Generator */,
			);
			name = Products;
			sourceTree = "<group>";
		};
		42134FC22A0A7B0300B9827B /* PDFA_Generator */ = {
			isa = PBXGroup;
			children = (
				42CB0BE82A69309F0008BC70 /* utils */,
				42CB0BE42A692CE40008BC70 /* tester */,
				42CB0BD92A68098B0008BC70 /* learners */,
				42134FC32A0A7B0300B9827B /* main.cpp */,
				42CB0BD12A67E27D0008BC70 /* pdfa.cpp */,
				42CB0BD22A67E27D0008BC70 /* pdfa.hpp */,
				42CB0BD42A6802710008BC70 /* pdfa_learner.cpp */,
				42CB0BD52A6802710008BC70 /* pdfa_learner.hpp */,
			);
			path = PDFA_Generator;
			sourceTree = "<group>";
		};
		42CB0BD92A68098B0008BC70 /* learners */ = {
			isa = PBXGroup;
			children = (
				42CB0BDF2A692AAB0008BC70 /* avg_length_learner.cpp */,
				42CB0BDD2A692AAB0008BC70 /* avg_length_learner.hpp */,
				42CB0BDE2A692AAB0008BC70 /* PDFA_Graph.cpp */,
				42CB0BE02A692AAB0008BC70 /* PDFA_Graph.hpp */,
				42015A422A739FA400F57517 /* plus_avg_length_learner.cpp */,
				42015A432A739FA400F57517 /* plus_avg_length_learner.hpp */,
			);
			path = learners;
			sourceTree = "<group>";
		};
		42CB0BE42A692CE40008BC70 /* tester */ = {
			isa = PBXGroup;
			children = (
				42CB0BE52A692CFF0008BC70 /* tester.cpp */,
				42CB0BE62A692CFF0008BC70 /* tester.hpp */,
			);
			path = tester;
			sourceTree = "<group>";
		};
		42CB0BE82A69309F0008BC70 /* utils */ = {
			isa = PBXGroup;
			children = (
				42CB0BE92A6930BB0008BC70 /* utils.cpp */,
				42CB0BEA2A6930BB0008BC70 /* utils.hpp */,
			);
			path = utils;
			sourceTree = "<group>";
		};
/* End PBXGroup section */

/* Begin PBXNativeTarget section */
		42134FBF2A0A7B0300B9827B /* PDFA_Generator */ = {
			isa = PBXNativeTarget;
			buildConfigurationList = 42134FC72A0A7B0300B9827B /* Build configuration list for PBXNativeTarget "PDFA_Generator" */;
			buildPhases = (
				42134FBC2A0A7B0300B9827B /* Sources */,
				42134FBD2A0A7B0300B9827B /* Frameworks */,
				42134FBE2A0A7B0300B9827B /* CopyFiles */,
			);
			buildRules = (
			);
			dependencies = (
			);
			name = PDFA_Generator;
			productName = PDFA_Generator;
			productReference = 42134FC02A0A7B0300B9827B /* PDFA_Generator */;
			productType = "com.apple.product-type.tool";
		};
/* End PBXNativeTarget section */

/* Begin PBXProject section */
		42134FB82A0A7B0300B9827B /* Project object */ = {
			isa = PBXProject;
			attributes = {
				BuildIndependentTargetsInParallel = 1;
				LastUpgradeCheck = 1430;
				TargetAttributes = {
					42134FBF2A0A7B0300B9827B = {
						CreatedOnToolsVersion = 14.3;
					};
				};
			};
			buildConfigurationList = 42134FBB2A0A7B0300B9827B /* Build configuration list for PBXProject "PDFA_Generator" */;
			compatibilityVersion = "Xcode 14.0";
			developmentRegion = en;
			hasScannedForEncodings = 0;
			knownRegions = (
				en,
				Base,
			);
			mainGroup = 42134FB72A0A7B0300B9827B;
			productRefGroup = 42134FC12A0A7B0300B9827B /* Products */;
			projectDirPath = "";
			projectRoot = "";
			targets = (
				42134FBF2A0A7B0300B9827B /* PDFA_Generator */,
			);
		};
/* End PBXProject section */

/* Begin PBXSourcesBuildPhase section */
		42134FBC2A0A7B0300B9827B /* Sources */ = {
			isa = PBXSourcesBuildPhase;
			buildActionMask = 2147483647;
			files = (
				42CB0BD62A6802710008BC70 /* pdfa_learner.cpp in Sources */,
				42134FC42A0A7B0300B9827B /* main.cpp in Sources */,
				42CB0BE22A692AAB0008BC70 /* avg_length_learner.cpp in Sources */,
				42CB0BD32A67E27D0008BC70 /* pdfa.cpp in Sources */,
				42CB0BE72A692CFF0008BC70 /* tester.cpp in Sources */,
				42CB0BE12A692AAB0008BC70 /* PDFA_Graph.cpp in Sources */,
				42015A442A739FA400F57517 /* plus_avg_length_learner.cpp in Sources */,
				42CB0BEB2A6930BB0008BC70 /* utils.cpp in Sources */,
			);
			runOnlyForDeploymentPostprocessing = 0;
		};
/* End PBXSourcesBuildPhase section */

/* Begin XCBuildConfiguration section */
		42134FC52A0A7B0300B9827B /* Debug */ = {
			isa = XCBuildConfiguration;
			buildSettings = {
				ALWAYS_SEARCH_USER_PATHS = NO;
				CLANG_ANALYZER_NONNULL = YES;
				CLANG_ANALYZER_NUMBER_OBJECT_CONVERSION = YES_AGGRESSIVE;
				CLANG_CXX_LANGUAGE_STANDARD = "gnu++20";
				CLANG_ENABLE_MODULES = YES;
				CLANG_ENABLE_OBJC_ARC = YES;
				CLANG_ENABLE_OBJC_WEAK = YES;
				CLANG_WARN_BLOCK_CAPTURE_AUTORELEASING = YES;
				CLANG_WARN_BOOL_CONVERSION = YES;
				CLANG_WARN_COMMA = YES;
				CLANG_WARN_CONSTANT_CONVERSION = YES;
				CLANG_WARN_DEPRECATED_OBJC_IMPLEMENTATIONS = YES;
				CLANG_WARN_DIRECT_OBJC_ISA_USAGE = YES_ERROR;
				CLANG_WARN_DOCUMENTATION_COMMENTS = YES;
				CLANG_WARN_EMPTY_BODY = YES;
				CLANG_WARN_ENUM_CONVERSION = YES;
				CLANG_WARN_INFINITE_RECURSION = YES;
				CLANG_WARN_INT_CONVERSION = YES;
				CLANG_WARN_NON_LITERAL_NULL_CONVERSION = YES;
				CLANG_WARN_OBJC_IMPLICIT_RETAIN_SELF = YES;
				CLANG_WARN_OBJC_LITERAL_CONVERSION = YES;
				CLANG_WARN_OBJC_ROOT_CLASS = YES_ERROR;
				CLANG_WARN_QUOTED_INCLUDE_IN_FRAMEWORK_HEADER = YES;
				CLANG_WARN_RANGE_LOOP_ANALYSIS = YES;
				CLANG_WARN_STRICT_PROTOTYPES = YES;
				CLANG_WARN_SUSPICIOUS_MOVE = YES;
				CLANG_WARN_UNGUARDED_AVAILABILITY = YES_AGGRESSIVE;
				CLANG_WARN_UNREACHABLE_CODE = YES;
				CLANG_WARN__DUPLICATE_METHOD_MATCH = YES;
				COPY_PHASE_STRIP = NO;
				DEBUG_INFORMATION_FORMAT = dwarf;
				ENABLE_STRICT_OBJC_MSGSEND = YES;
				ENABLE_TESTABILITY = YES;
				GCC_C_LANGUAGE_STANDARD = gnu11;
				GCC_DYNAMIC_NO_PIC = NO;
				GCC_NO_COMMON_BLOCKS = YES;
				GCC_OPTIMIZATION_LEVEL = 0;
				GCC_PREPROCESSOR_DEFINITIONS = (
					"DEBUG=1",
					"$(inherited)",
				);
				GCC_WARN_64_TO_32_BIT_CONVERSION = YES;
				GCC_WARN_ABOUT_RETURN_TYPE = YES_ERROR;
				GCC_WARN_UNDECLARED_SELECTOR = YES;
				GCC_WARN_UNINITIALIZED_AUTOS = YES_AGGRESSIVE;
				GCC_WARN_UNUSED_FUNCTION = YES;
				GCC_WARN_UNUSED_VARIABLE = YES;
				MACOSX_DEPLOYMENT_TARGET = 13.0;
				MTL_ENABLE_DEBUG_INFO = INCLUDE_SOURCE;
				MTL_FAST_MATH = YES;
				ONLY_ACTIVE_ARCH = YES;
				SDKROOT = macosx;
			};
			name = Debug;
		};
		42134FC62A0A7B0300B9827B /* Release */ = {
			isa = XCBuildConfiguration;
			buildSettings = {
				ALWAYS_SEARCH_USER_PATHS = NO;
				CLANG_ANALYZER_NONNULL = YES;
				CLANG_ANALYZER_NUMBER_OBJECT_CONVERSION = YES_AGGRESSIVE;
				CLANG_CXX_LANGUAGE_STANDARD = "gnu++20";
				CLANG_ENABLE_MODULES = YES;
				CLANG_ENABLE_OBJC_ARC = YES;
				CLANG_ENABLE_OBJC_WEAK = YES;
				CLANG_WARN_BLOCK_CAPTURE_AUTORELEASING = YES;
				CLANG_WARN_BOOL_CONVERSION = YES;
				CLANG_WARN_COMMA = YES;
				CLANG_WARN_CONSTANT_CONVERSION = YES;
				CLANG_WARN_DEPRECATED_OBJC_IMPLEMENTATIONS = YES;
				CLANG_WARN_DIRECT_OBJC_ISA_USAGE = YES_ERROR;
				CLANG_WARN_DOCUMENTATION_COMMENTS = YES;
				CLANG_WARN_EMPTY_BODY = YES;
				CLANG_WARN_ENUM_CONVERSION = YES;
				CLANG_WARN_INFINITE_RECURSION = YES;
				CLANG_WARN_INT_CONVERSION = YES;
				CLANG_WARN_NON_LITERAL_NULL_CONVERSION = YES;
				CLANG_WARN_OBJC_IMPLICIT_RETAIN_SELF = YES;
				CLANG_WARN_OBJC_LITERAL_CONVERSION = YES;
				CLANG_WARN_OBJC_ROOT_CLASS = YES_ERROR;
				CLANG_WARN_QUOTED_INCLUDE_IN_FRAMEWORK_HEADER = YES;
				CLANG_WARN_RANGE_LOOP_ANALYSIS = YES;
				CLANG_WARN_STRICT_PROTOTYPES = YES;
				CLANG_WARN_SUSPICIOUS_MOVE = YES;
				CLANG_WARN_UNGUARDED_AVAILABILITY = YES_AGGRESSIVE;
				CLANG_WARN_UNREACHABLE_CODE = YES;
				CLANG_WARN__DUPLICATE_METHOD_MATCH = YES;
				COPY_PHASE_STRIP = NO;
				DEBUG_INFORMATION_FORMAT = "dwarf-with-dsym";
				ENABLE_NS_ASSERTIONS = NO;
				ENABLE_STRICT_OBJC_MSGSEND = YES;
				GCC_C_LANGUAGE_STANDARD = gnu11;
				GCC_NO_COMMON_BLOCKS = YES;
				GCC_WARN_64_TO_32_BIT_CONVERSION = YES;
				GCC_WARN_ABOUT_RETURN_TYPE = YES_ERROR;
				GCC_WARN_UNDECLARED_SELECTOR = YES;
				GCC_WARN_UNINITIALIZED_AUTOS = YES_AGGRESSIVE;
				GCC_WARN_UNUSED_FUNCTION = YES;
				GCC_WARN_UNUSED_VARIABLE = YES;
				MACOSX_DEPLOYMENT_TARGET = 13.0;
				MTL_ENABLE_DEBUG_INFO = NO;
				MTL_FAST_MATH = YES;
				SDKROOT = macosx;
			};
			name = Release;
		};
		42134FC82A0A7B0300B9827B /* Debug */ = {
			isa = XCBuildConfiguration;
			buildSettings = {
				CODE_SIGN_STYLE = Automatic;
				PRODUCT_NAME = "$(TARGET_NAME)";
			};
			name = Debug;
		};
		42134FC92A0A7B0300B9827B /* Release */ = {
			isa = XCBuildConfiguration;
			buildSettings = {
				CODE_SIGN_STYLE = Automatic;
				PRODUCT_NAME = "$(TARGET_NAME)";
			};
			name = Release;
		};
/* End XCBuildConfiguration section */

/* Begin XCConfigurationList section */
		42134FBB2A0A7B0300B9827B /* Build configuration list for PBXProject "PDFA_Generator" */ = {
			isa = XCConfigurationList;
			buildConfigurations = (
				42134FC52A0A7B0300B9827B /* Debug */,
				42134FC62A0A7B0300B9827B /* Release */,
			);
			defaultConfigurationIsVisible = 0;
			defaultConfigurationName = Release;
		};
		42134FC72A0A7B0300B9827B /* Build configuration list for PBXNativeTarget "PDFA_Generator" */ = {
			isa = XCConfigurationList;
			buildConfigurations = (
				42134FC82A0A7B0300B9827B /* Debug */,
				42134FC92A0A7B0300B9827B /* Release */,
			);
			defaultConfigurationIsVisible = 0;
			defaultConfigurationName = Release;
		};
/* End XCConfigurationList section */
	};
	rootObject = 42134FB82A0A7B0300B9827B /* Project object */;
}
